
Microsoft Visual Studio Solution File, Format Version 12.00
# Visual Studio Version 17
VisualStudioVersion = 17.14.36212.18
MinimumVisualStudioVersion = 10.0.40219.1
Project("{FAE04EC0-301F-11D3-BF4B-00C04F79EFBC}") = "FrontAndBackInspectionApp", "FrontAndBackInspectionApp\FrontAndBackInspectionApp.csproj", "{2AFAF805-7D15-4152-B213-6BFF9A0A185C}"
EndProject
Project("{FAE04EC0-301F-11D3-BF4B-00C04F79EFBC}") = "FrontAndBackSimulatorApp", "FrontAndBackSimulatorApp\FrontAndBackSimulatorApp.csproj", "{BF85CD40-326C-4320-BAA5-3BBAD1F48C53}"
EndProject
Global
	GlobalSection(SolutionConfigurationPlatforms) = preSolution
		Debug|Any CPU = Debug|Any CPU
		Release|Any CPU = Release|Any CPU
	EndGlobalSection
	GlobalSection(ProjectConfigurationPlatforms) = postSolution
		{2AFAF805-7D15-4152-B213-6BFF9A0A185C}.Debug|Any CPU.ActiveCfg = Debug|Any CPU
		{2AFAF805-7D15-4152-B213-6BFF9A0A185C}.Debug|Any CPU.Build.0 = Debug|Any CPU
		{2AFAF805-7D15-4152-B213-6BFF9A0A185C}.Release|Any CPU.ActiveCfg = Release|Any CPU
		{2AFAF805-7D15-4152-B213-6BFF9A0A185C}.Release|Any CPU.Build.0 = Release|Any CPU
		{BF85CD40-326C-4320-BAA5-3BBAD1F48C53}.Debug|Any CPU.ActiveCfg = Debug|Any CPU
		{BF85CD40-326C-4320-BAA5-3BBAD1F48C53}.Debug|Any CPU.Build.0 = Debug|Any CPU
		{BF85CD40-326C-4320-BAA5-3BBAD1F48C53}.Release|Any CPU.ActiveCfg = Release|Any CPU
		{BF85CD40-326C-4320-BAA5-3BBAD1F48C53}.Release|Any CPU.Build.0 = Release|Any CPU
	EndGlobalSection
	GlobalSection(SolutionProperties) = preSolution
		HideSolutionNode = FALSE
	EndGlobalSection
	GlobalSection(ExtensibilityGlobals) = postSolution
		SolutionGuid = {848B735D-F24E-40B1-9164-E460C871EF51}
	EndGlobalSection
EndGlobal
